
Microsoft Visual Studio Solution File, Format Version 12.00
# Visual Studio Version 17
VisualStudioVersion = 17.11.35222.181
MinimumVisualStudioVersion = 10.0.40219.1
Project("{FAE04EC0-301F-11D3-BF4B-00C04F79EFBC}") = "01_MainSubjects", "01_MainSubjects\01_MainSubjects.csproj", "{F32F2A1F-70C1-4FF5-8455-4FCB6A12D034}"
EndProject
Project("{FAE04EC0-301F-11D3-BF4B-00C04F79EFBC}") = "02_Variables", "02_Variables\02_Variables.csproj", "{BBFA7079-43D2-4B1C-9A91-4FEBD40D0848}"
EndProject
Project("{FAE04EC0-301F-11D3-BF4B-00C04F79EFBC}") = "03_MakingDecision", "03_MacingDesicion\03_MakingDecision.csproj", "{14F0B26F-789E-4223-9144-94C3E11FB49C}"
EndProject
Project("{FAE04EC0-301F-11D3-BF4B-00C04F79EFBC}") = "04_Loops", "04_Loops\04_Loops.csproj", "{324369F8-493A-4E5F-8241-0BDD6CD23F02}"
EndProject
Project("{FAE04EC0-301F-11D3-BF4B-00C04F79EFBC}") = "05_LoopsWithStars", "05_LoopsWithStars\05_LoopsWithStars.csproj", "{53675FBB-81FC-436F-B38B-BC439ADB2B04}"
EndProject
Project("{FAE04EC0-301F-11D3-BF4B-00C04F79EFBC}") = "06_Arrays", "06_Arrays\06_Arrays.csproj", "{36D7559F-6710-4838-ABAD-F689A9170C04}"
EndProject
Global
	GlobalSection(SolutionConfigurationPlatforms) = preSolution
		Debug|Any CPU = Debug|Any CPU
		Release|Any CPU = Release|Any CPU
	EndGlobalSection
	GlobalSection(ProjectConfigurationPlatforms) = postSolution
		{F32F2A1F-70C1-4FF5-8455-4FCB6A12D034}.Debug|Any CPU.ActiveCfg = Debug|Any CPU
		{F32F2A1F-70C1-4FF5-8455-4FCB6A12D034}.Debug|Any CPU.Build.0 = Debug|Any CPU
		{F32F2A1F-70C1-4FF5-8455-4FCB6A12D034}.Release|Any CPU.ActiveCfg = Release|Any CPU
		{F32F2A1F-70C1-4FF5-8455-4FCB6A12D034}.Release|Any CPU.Build.0 = Release|Any CPU
		{BBFA7079-43D2-4B1C-9A91-4FEBD40D0848}.Debug|Any CPU.ActiveCfg = Debug|Any CPU
		{BBFA7079-43D2-4B1C-9A91-4FEBD40D0848}.Debug|Any CPU.Build.0 = Debug|Any CPU
		{BBFA7079-43D2-4B1C-9A91-4FEBD40D0848}.Release|Any CPU.ActiveCfg = Release|Any CPU
		{BBFA7079-43D2-4B1C-9A91-4FEBD40D0848}.Release|Any CPU.Build.0 = Release|Any CPU
		{14F0B26F-789E-4223-9144-94C3E11FB49C}.Debug|Any CPU.ActiveCfg = Debug|Any CPU
		{14F0B26F-789E-4223-9144-94C3E11FB49C}.Debug|Any CPU.Build.0 = Debug|Any CPU
		{14F0B26F-789E-4223-9144-94C3E11FB49C}.Release|Any CPU.ActiveCfg = Release|Any CPU
		{14F0B26F-789E-4223-9144-94C3E11FB49C}.Release|Any CPU.Build.0 = Release|Any CPU
		{324369F8-493A-4E5F-8241-0BDD6CD23F02}.Debug|Any CPU.ActiveCfg = Debug|Any CPU
		{324369F8-493A-4E5F-8241-0BDD6CD23F02}.Debug|Any CPU.Build.0 = Debug|Any CPU
		{324369F8-493A-4E5F-8241-0BDD6CD23F02}.Release|Any CPU.ActiveCfg = Release|Any CPU
		{324369F8-493A-4E5F-8241-0BDD6CD23F02}.Release|Any CPU.Build.0 = Release|Any CPU
		{53675FBB-81FC-436F-B38B-BC439ADB2B04}.Debug|Any CPU.ActiveCfg = Debug|Any CPU
		{53675FBB-81FC-436F-B38B-BC439ADB2B04}.Debug|Any CPU.Build.0 = Debug|Any CPU
		{53675FBB-81FC-436F-B38B-BC439ADB2B04}.Release|Any CPU.ActiveCfg = Release|Any CPU
		{53675FBB-81FC-436F-B38B-BC439ADB2B04}.Release|Any CPU.Build.0 = Release|Any CPU
		{36D7559F-6710-4838-ABAD-F689A9170C04}.Debug|Any CPU.ActiveCfg = Debug|Any CPU
		{36D7559F-6710-4838-ABAD-F689A9170C04}.Debug|Any CPU.Build.0 = Debug|Any CPU
		{36D7559F-6710-4838-ABAD-F689A9170C04}.Release|Any CPU.ActiveCfg = Release|Any CPU
		{36D7559F-6710-4838-ABAD-F689A9170C04}.Release|Any CPU.Build.0 = Release|Any CPU
	EndGlobalSection
	GlobalSection(SolutionProperties) = preSolution
		HideSolutionNode = FALSE
	EndGlobalSection
	GlobalSection(ExtensibilityGlobals) = postSolution
		SolutionGuid = {AEDFD22C-5125-4091-A3DE-3339342FDA1C}
	EndGlobalSection
EndGlobal
